
Microsoft Visual Studio Solution File, Format Version 12.00
# Visual Studio Version 17
VisualStudioVersion = 17.5.33627.172
MinimumVisualStudioVersion = 10.0.40219.1
Project("{FAE04EC0-301F-11D3-BF4B-00C04F79EFBC}") = "TravelBookingAPI", "TravelBookingAPI\TravelBookingAPI.csproj", "{327997CA-C994-4F2B-8887-53D660CE256E}"
EndProject
Global
	GlobalSection(SolutionConfigurationPlatforms) = preSolution
		Debug|Any CPU = Debug|Any CPU
		Release|Any CPU = Release|Any CPU
	EndGlobalSection
	GlobalSection(ProjectConfigurationPlatforms) = postSolution
		{327997CA-C994-4F2B-8887-53D660CE256E}.Debug|Any CPU.ActiveCfg = Debug|Any CPU
		{327997CA-C994-4F2B-8887-53D660CE256E}.Debug|Any CPU.Build.0 = Debug|Any CPU
		{327997CA-C994-4F2B-8887-53D660CE256E}.Release|Any CPU.ActiveCfg = Release|Any CPU
		{327997CA-C994-4F2B-8887-53D660CE256E}.Release|Any CPU.Build.0 = Release|Any CPU
	EndGlobalSection
	GlobalSection(SolutionProperties) = preSolution
		HideSolutionNode = FALSE
	EndGlobalSection
	GlobalSection(ExtensibilityGlobals) = postSolution
		SolutionGuid = {A8E3D27F-DF82-4E04-8E62-E676796384F4}
	EndGlobalSection
EndGlobal
